
Microsoft Visual Studio Solution File, Format Version 12.00
# Visual Studio Version 16
VisualStudioVersion = 16.0.30804.86
MinimumVisualStudioVersion = 10.0.40219.1
Project("{FAE04EC0-301F-11D3-BF4B-00C04F79EFBC}") = "MotherApp", "MotherApp\MotherApp.csproj", "{2904DBB2-1206-40B0-8D8B-B017D9754EBD}"
EndProject
Project("{FAE04EC0-301F-11D3-BF4B-00C04F79EFBC}") = "Submodule2", "Submodule2\Submodule2.csproj", "{95C19DC4-E646-4E24-9AA0-78FB97A0581F}"
EndProject
Project("{FAE04EC0-301F-11D3-BF4B-00C04F79EFBC}") = "Submodule1", "Submodule1\Submodule1.csproj", "{BC144EA6-BA7C-4C28-A3DF-A4659E2DC11C}"
EndProject
Global
	GlobalSection(SolutionConfigurationPlatforms) = preSolution
		Debug|Any CPU = Debug|Any CPU
		Release|Any CPU = Release|Any CPU
	EndGlobalSection
	GlobalSection(ProjectConfigurationPlatforms) = postSolution
		{2904DBB2-1206-40B0-8D8B-B017D9754EBD}.Debug|Any CPU.ActiveCfg = Debug|Any CPU
		{2904DBB2-1206-40B0-8D8B-B017D9754EBD}.Debug|Any CPU.Build.0 = Debug|Any CPU
		{2904DBB2-1206-40B0-8D8B-B017D9754EBD}.Release|Any CPU.ActiveCfg = Release|Any CPU
		{2904DBB2-1206-40B0-8D8B-B017D9754EBD}.Release|Any CPU.Build.0 = Release|Any CPU
		{95C19DC4-E646-4E24-9AA0-78FB97A0581F}.Debug|Any CPU.ActiveCfg = Debug|Any CPU
		{95C19DC4-E646-4E24-9AA0-78FB97A0581F}.Debug|Any CPU.Build.0 = Debug|Any CPU
		{95C19DC4-E646-4E24-9AA0-78FB97A0581F}.Release|Any CPU.ActiveCfg = Release|Any CPU
		{95C19DC4-E646-4E24-9AA0-78FB97A0581F}.Release|Any CPU.Build.0 = Release|Any CPU
		{BC144EA6-BA7C-4C28-A3DF-A4659E2DC11C}.Debug|Any CPU.ActiveCfg = Debug|Any CPU
		{BC144EA6-BA7C-4C28-A3DF-A4659E2DC11C}.Debug|Any CPU.Build.0 = Debug|Any CPU
		{BC144EA6-BA7C-4C28-A3DF-A4659E2DC11C}.Release|Any CPU.ActiveCfg = Release|Any CPU
		{BC144EA6-BA7C-4C28-A3DF-A4659E2DC11C}.Release|Any CPU.Build.0 = Release|Any CPU
	EndGlobalSection
	GlobalSection(SolutionProperties) = preSolution
		HideSolutionNode = FALSE
	EndGlobalSection
	GlobalSection(ExtensibilityGlobals) = postSolution
		SolutionGuid = {251E867D-6E0D-47E3-836B-CDFA13088EC7}
	EndGlobalSection
EndGlobal
